# THIS IS AN AUTOGENERATED FILE. DO NOT EDIT THIS FILE DIRECTLY.
# yarn lockfile v1


pasteque-unit@^0.0.6:
  version "0.0.6"
  resolved "https://registry.yarnpkg.com/pasteque-unit/-/pasteque-unit-0.0.6.tgz#14b72bb2c08199767c87ba036f11b0bd1395cb15"

pasteque@^0.0.6:
  version "0.0.6"
  resolved "https://registry.yarnpkg.com/pasteque/-/pasteque-0.0.6.tgz#38692e88dfdb4bed32193dd48194e9a1502961cf"
  dependencies:
    pasteque-unit "^0.0.6"
